lockfileVersion: '6.0'

settings:
  autoInstallPeers: true
  excludeLinksFromLockfile: false

devDependencies:
  cspell:
    specifier: 8.16.0
    version: 8.16.0
  fixpack:
    specifier: 4.0.0
    version: 4.0.0
  npm-run-all2:
    specifier: 7.0.1
    version: 7.0.1

packages:

  /@cspell/cspell-bundled-dicts@8.16.0:
    resolution: {integrity: sha512-R0Eqq5kTZnmZ0elih5uY3TWjMqqAeMl7ciU7maUs+m1FNjCEdJXtJ9wrQxNgjmXi0tX8cvahZRO3O558tEz/KA==}
    engines: {node: '>=18'}
    dependencies:
      '@cspell/dict-ada': 4.0.5
      '@cspell/dict-al': 1.0.3
      '@cspell/dict-aws': 4.0.7
      '@cspell/dict-bash': 4.1.8
      '@cspell/dict-companies': 3.1.7
      '@cspell/dict-cpp': 6.0.2
      '@cspell/dict-cryptocurrencies': 5.0.3
      '@cspell/dict-csharp': 4.0.5
      '@cspell/dict-css': 4.0.16
      '@cspell/dict-dart': 2.2.4
      '@cspell/dict-django': 4.1.3
      '@cspell/dict-docker': 1.1.11
      '@cspell/dict-dotnet': 5.0.8
      '@cspell/dict-elixir': 4.0.6
      '@cspell/dict-en-common-misspellings': 2.0.7
      '@cspell/dict-en-gb': 1.1.33
      '@cspell/dict-en_us': 4.3.27
      '@cspell/dict-filetypes': 3.0.8
      '@cspell/dict-flutter': 1.0.3
      '@cspell/dict-fonts': 4.0.3
      '@cspell/dict-fsharp': 1.0.4
      '@cspell/dict-fullstack': 3.2.3
      '@cspell/dict-gaming-terms': 1.0.8
      '@cspell/dict-git': 3.0.3
      '@cspell/dict-golang': 6.0.16
      '@cspell/dict-google': 1.0.4
      '@cspell/dict-haskell': 4.0.4
      '@cspell/dict-html': 4.0.10
      '@cspell/dict-html-symbol-entities': 4.0.3
      '@cspell/dict-java': 5.0.10
      '@cspell/dict-julia': 1.0.4
      '@cspell/dict-k8s': 1.0.9
      '@cspell/dict-latex': 4.0.3
      '@cspell/dict-lorem-ipsum': 4.0.3
      '@cspell/dict-lua': 4.0.6
      '@cspell/dict-makefile': 1.0.3
      '@cspell/dict-markdown': 2.0.7(@cspell/dict-css@4.0.16)(@cspell/dict-html-symbol-entities@4.0.3)(@cspell/dict-html@4.0.10)(@cspell/dict-typescript@3.1.11)
      '@cspell/dict-monkeyc': 1.0.9
      '@cspell/dict-node': 5.0.5
      '@cspell/dict-npm': 5.1.11
      '@cspell/dict-php': 4.0.13
      '@cspell/dict-powershell': 5.0.13
      '@cspell/dict-public-licenses': 2.0.11
      '@cspell/dict-python': 4.2.12
      '@cspell/dict-r': 2.0.4
      '@cspell/dict-ruby': 5.0.7
      '@cspell/dict-rust': 4.0.9
      '@cspell/dict-scala': 5.0.6
      '@cspell/dict-software-terms': 4.1.13
      '@cspell/dict-sql': 2.1.8
      '@cspell/dict-svelte': 1.0.5
      '@cspell/dict-swift': 2.0.4
      '@cspell/dict-terraform': 1.0.6
      '@cspell/dict-typescript': 3.1.11
      '@cspell/dict-vue': 3.0.3
    dev: true

  /@cspell/cspell-json-reporter@8.16.0:
    resolution: {integrity: sha512-KLjPK94gA3JNuWy70LeenJ6EL3SFk2ejERKYJ6SVV/cVOKIvVd2qe42yX3/A/DkF2xzuZ2LD4z0sfoqQL1BaqA==}
    engines: {node: '>=18'}
    dependencies:
      '@cspell/cspell-types': 8.16.0
    dev: true

  /@cspell/cspell-pipe@8.16.0:
    resolution: {integrity: sha512-WoCgrv/mrtwCY4lhc6vEcqN3AQ7lT6K0NW5ShoSo116U2tRaW0unApIYH4Va8u7T9g3wyspFEceQRR1xD9qb9w==}
    engines: {node: '>=18'}
    dev: true

  /@cspell/cspell-resolver@8.16.0:
    resolution: {integrity: sha512-b+99bph43ptkXlQHgPXSkN/jK6LQHy2zL1Fm9up7+x6Yr64bxAzWzoeqJAPtnrPvFuOrFN0jZasZzKBw8CvrrQ==}
    engines: {node: '>=18'}
    dependencies:
      global-directory: 4.0.1
    dev: true

  /@cspell/cspell-service-bus@8.16.0:
    resolution: {integrity: sha512-+fn763JKA4EYCOv+1VShFq015UMEBAFRDr+rlCnesgLE0fv9TSFVLsjOfh9/g6GuGQLCRLUqKztwwuueeErstQ==}
    engines: {node: '>=18'}
    dev: true

  /@cspell/cspell-types@8.16.0:
    resolution: {integrity: sha512-bGrIK7p4NVsK+QX/CYWmjax+FkzfSIZaIaoiBESGV5gmwgXDVRMJ3IP6tQVAmTtckOYHCmtT5CZgI8zXWr8dHQ==}
    engines: {node: '>=18'}
    dev: true

  /@cspell/dict-ada@4.0.5:
    resolution: {integrity: sha512-6/RtZ/a+lhFVmrx/B7bfP7rzC4yjEYe8o74EybXcvu4Oue6J4Ey2WSYj96iuodloj1LWrkNCQyX5h4Pmcj0Iag==}
    dev: true

  /@cspell/dict-al@1.0.3:
    resolution: {integrity: sha512-V1HClwlfU/qwSq2Kt+MkqRAsonNu3mxjSCDyGRecdLGIHmh7yeEeaxqRiO/VZ4KP+eVSiSIlbwrb5YNFfxYZbw==}
    dev: true

  /@cspell/dict-aws@4.0.7:
    resolution: {integrity: sha512-PoaPpa2NXtSkhGIMIKhsJUXB6UbtTt6Ao3x9JdU9kn7fRZkwD4RjHDGqulucIOz7KeEX/dNRafap6oK9xHe4RA==}
    dev: true

  /@cspell/dict-bash@4.1.8:
    resolution: {integrity: sha512-I2CM2pTNthQwW069lKcrVxchJGMVQBzru2ygsHCwgidXRnJL/NTjAPOFTxN58Jc1bf7THWghfEDyKX/oyfc0yg==}
    dev: true

  /@cspell/dict-companies@3.1.7:
    resolution: {integrity: sha512-ncVs/efuAkP1/tLDhWbXukBjgZ5xOUfe03neHMWsE8zvXXc5+Lw6TX5jaJXZLOoES/f4j4AhRE20jsPCF5pm+A==}
    dev: true

  /@cspell/dict-cpp@6.0.2:
    resolution: {integrity: sha512-yw5eejWvY4bAnc6LUA44m4WsFwlmgPt2uMSnO7QViGMBDuoeopMma4z9XYvs4lSjTi8fIJs/A1YDfM9AVzb8eg==}
    dev: true

  /@cspell/dict-cryptocurrencies@5.0.3:
    resolution: {integrity: sha512-bl5q+Mk+T3xOZ12+FG37dB30GDxStza49Rmoax95n37MTLksk9wBo1ICOlPJ6PnDUSyeuv4SIVKgRKMKkJJglA==}
    dev: true

  /@cspell/dict-csharp@4.0.5:
    resolution: {integrity: sha512-c/sFnNgtRwRJxtC3JHKkyOm+U3/sUrltFeNwml9VsxKBHVmvlg4tk4ar58PdpW9/zTlGUkWi2i85//DN1EsUCA==}
    dev: true

  /@cspell/dict-css@4.0.16:
    resolution: {integrity: sha512-70qu7L9z/JR6QLyJPk38fNTKitlIHnfunx0wjpWQUQ8/jGADIhMCrz6hInBjqPNdtGpYm8d1dNFyF8taEkOgrQ==}
    dev: true

  /@cspell/dict-dart@2.2.4:
    resolution: {integrity: sha512-of/cVuUIZZK/+iqefGln8G3bVpfyN6ZtH+LyLkHMoR5tEj+2vtilGNk9ngwyR8L4lEqbKuzSkOxgfVjsXf5PsQ==}
    dev: true

  /@cspell/dict-data-science@2.0.5:
    resolution: {integrity: sha512-nNSILXmhSJox9/QoXICPQgm8q5PbiSQP4afpbkBqPi/u/b3K9MbNH5HvOOa6230gxcGdbZ9Argl2hY/U8siBlg==}
    dev: true

  /@cspell/dict-django@4.1.3:
    resolution: {integrity: sha512-yBspeL3roJlO0a1vKKNaWABURuHdHZ9b1L8d3AukX0AsBy9snSggc8xCavPmSzNfeMDXbH+1lgQiYBd3IW03fg==}
    dev: true

  /@cspell/dict-docker@1.1.11:
    resolution: {integrity: sha512-s0Yhb16/R+UT1y727ekbR/itWQF3Qz275DR1ahOa66wYtPjHUXmhM3B/LT3aPaX+hD6AWmK23v57SuyfYHUjsw==}
    dev: true

  /@cspell/dict-dotnet@5.0.8:
    resolution: {integrity: sha512-MD8CmMgMEdJAIPl2Py3iqrx3B708MbCIXAuOeZ0Mzzb8YmLmiisY7QEYSZPg08D7xuwARycP0Ki+bb0GAkFSqg==}
    dev: true

  /@cspell/dict-elixir@4.0.6:
    resolution: {integrity: sha512-TfqSTxMHZ2jhiqnXlVKM0bUADtCvwKQv2XZL/DI0rx3doG8mEMS8SGPOmiyyGkHpR/pGOq18AFH3BEm4lViHIw==}
    dev: true

  /@cspell/dict-en-common-misspellings@2.0.7:
    resolution: {integrity: sha512-qNFo3G4wyabcwnM+hDrMYKN9vNVg/k9QkhqSlSst6pULjdvPyPs1mqz1689xO/v9t8e6sR4IKc3CgUXDMTYOpA==}
    dev: true

  /@cspell/dict-en-gb@1.1.33:
    resolution: {integrity: sha512-tKSSUf9BJEV+GJQAYGw5e+ouhEe2ZXE620S7BLKe3ZmpnjlNG9JqlnaBhkIMxKnNFkLY2BP/EARzw31AZnOv4g==}
    dev: true

  /@cspell/dict-en_us@4.3.27:
    resolution: {integrity: sha512-7JYHahRWpi0VykWFTSM03KL/0fs6YtYfpOaTAg4N/d0wB2GfwVG/FJ/SBCjD4LBc6Rx9dzdo95Hs4BB8GPQbOA==}
    dev: true

  /@cspell/dict-filetypes@3.0.8:
    resolution: {integrity: sha512-D3N8sm/iptzfVwsib/jvpX+K/++rM8SRpLDFUaM4jxm8EyGmSIYRbKZvdIv5BkAWmMlTWoRqlLn7Yb1b11jKJg==}
    dev: true

  /@cspell/dict-flutter@1.0.3:
    resolution: {integrity: sha512-52C9aUEU22ptpgYh6gQyIdA4MP6NPwzbEqndfgPh3Sra191/kgs7CVqXiO1qbtZa9gnYHUoVApkoxRE7mrXHfg==}
    dev: true

  /@cspell/dict-fonts@4.0.3:
    resolution: {integrity: sha512-sPd17kV5qgYXLteuHFPn5mbp/oCHKgitNfsZLFC3W2fWEgZlhg4hK+UGig3KzrYhhvQ8wBnmZrAQm0TFKCKzsA==}
    dev: true

  /@cspell/dict-fsharp@1.0.4:
    resolution: {integrity: sha512-G5wk0o1qyHUNi9nVgdE1h5wl5ylq7pcBjX8vhjHcO4XBq20D5eMoXjwqMo/+szKAqzJ+WV3BgAL50akLKrT9Rw==}
    dev: true

  /@cspell/dict-fullstack@3.2.3:
    resolution: {integrity: sha512-62PbndIyQPH11mAv0PyiyT0vbwD0AXEocPpHlCHzfb5v9SspzCCbzQ/LIBiFmyRa+q5LMW35CnSVu6OXdT+LKg==}
    dev: true

  /@cspell/dict-gaming-terms@1.0.8:
    resolution: {integrity: sha512-7OL0zTl93WFWhhtpXFrtm9uZXItC3ncAs8d0iQDMMFVNU1rBr6raBNxJskxE5wx2Ant12fgI66ZGVagXfN+yfA==}
    dev: true

  /@cspell/dict-git@3.0.3:
    resolution: {integrity: sha512-LSxB+psZ0qoj83GkyjeEH/ZViyVsGEF/A6BAo8Nqc0w0HjD2qX/QR4sfA6JHUgQ3Yi/ccxdK7xNIo67L2ScW5A==}
    dev: true

  /@cspell/dict-golang@6.0.16:
    resolution: {integrity: sha512-hZOBlgcguv2Hdc93n2zjdAQm1j3grsN9T9WhPnQ1wh2vUDoCLEujg+6gWhjcLb8ECOcwZTWgNyQLWeOxEsAj/w==}
    dev: true

  /@cspell/dict-google@1.0.4:
    resolution: {integrity: sha512-JThUT9eiguCja1mHHLwYESgxkhk17Gv7P3b1S7ZJzXw86QyVHPrbpVoMpozHk0C9o+Ym764B7gZGKmw9uMGduQ==}
    dev: true

  /@cspell/dict-haskell@4.0.4:
    resolution: {integrity: sha512-EwQsedEEnND/vY6tqRfg9y7tsnZdxNqOxLXSXTsFA6JRhUlr8Qs88iUUAfsUzWc4nNmmzQH2UbtT25ooG9x4nA==}
    dev: true

  /@cspell/dict-html-symbol-entities@4.0.3:
    resolution: {integrity: sha512-aABXX7dMLNFdSE8aY844X4+hvfK7977sOWgZXo4MTGAmOzR8524fjbJPswIBK7GaD3+SgFZ2yP2o0CFvXDGF+A==}
    dev: true

  /@cspell/dict-html@4.0.10:
    resolution: {integrity: sha512-I9uRAcdtHbh0wEtYZlgF0TTcgH0xaw1B54G2CW+tx4vHUwlde/+JBOfIzird4+WcMv4smZOfw+qHf7puFUbI5g==}
    dev: true

  /@cspell/dict-java@5.0.10:
    resolution: {integrity: sha512-pVNcOnmoGiNL8GSVq4WbX/Vs2FGS0Nej+1aEeGuUY9CU14X8yAVCG+oih5ZoLt1jaR8YfR8byUF8wdp4qG4XIw==}
    dev: true

  /@cspell/dict-julia@1.0.4:
    resolution: {integrity: sha512-bFVgNX35MD3kZRbXbJVzdnN7OuEqmQXGpdOi9jzB40TSgBTlJWA4nxeAKV4CPCZxNRUGnLH0p05T/AD7Aom9/w==}
    dev: true

  /@cspell/dict-k8s@1.0.9:
    resolution: {integrity: sha512-Q7GELSQIzo+BERl2ya/nBEnZeQC+zJP19SN1pI6gqDYraM51uYJacbbcWLYYO2Y+5joDjNt/sd/lJtLaQwoSlA==}
    dev: true

  /@cspell/dict-latex@4.0.3:
    resolution: {integrity: sha512-2KXBt9fSpymYHxHfvhUpjUFyzrmN4c4P8mwIzweLyvqntBT3k0YGZJSriOdjfUjwSygrfEwiuPI1EMrvgrOMJw==}
    dev: true

  /@cspell/dict-lorem-ipsum@4.0.3:
    resolution: {integrity: sha512-WFpDi/PDYHXft6p0eCXuYnn7mzMEQLVeqpO+wHSUd+kz5ADusZ4cpslAA4wUZJstF1/1kMCQCZM6HLZic9bT8A==}
    dev: true

  /@cspell/dict-lua@4.0.6:
    resolution: {integrity: sha512-Jwvh1jmAd9b+SP9e1GkS2ACbqKKRo9E1f9GdjF/ijmooZuHU0hPyqvnhZzUAxO1egbnNjxS/J2T6iUtjAUK2KQ==}
    dev: true

  /@cspell/dict-makefile@1.0.3:
    resolution: {integrity: sha512-R3U0DSpvTs6qdqfyBATnePj9Q/pypkje0Nj26mQJ8TOBQutCRAJbr2ZFAeDjgRx5EAJU/+8txiyVF97fbVRViw==}
    dev: true

  /@cspell/dict-markdown@2.0.7(@cspell/dict-css@4.0.16)(@cspell/dict-html-symbol-entities@4.0.3)(@cspell/dict-html@4.0.10)(@cspell/dict-typescript@3.1.11):
    resolution: {integrity: sha512-F9SGsSOokFn976DV4u/1eL4FtKQDSgJHSZ3+haPRU5ki6OEqojxKa8hhj4AUrtNFpmBaJx/WJ4YaEzWqG7hgqg==}
    peerDependencies:
      '@cspell/dict-css': ^4.0.16
      '@cspell/dict-html': ^4.0.10
      '@cspell/dict-html-symbol-entities': ^4.0.3
      '@cspell/dict-typescript': ^3.1.11
    dependencies:
      '@cspell/dict-css': 4.0.16
      '@cspell/dict-html': 4.0.10
      '@cspell/dict-html-symbol-entities': 4.0.3
      '@cspell/dict-typescript': 3.1.11
    dev: true

  /@cspell/dict-monkeyc@1.0.9:
    resolution: {integrity: sha512-Jvf6g5xlB4+za3ThvenYKREXTEgzx5gMUSzrAxIiPleVG4hmRb/GBSoSjtkGaibN3XxGx5x809gSTYCA/IHCpA==}
    dev: true

  /@cspell/dict-node@5.0.5:
    resolution: {integrity: sha512-7NbCS2E8ZZRZwlLrh2sA0vAk9n1kcTUiRp/Nia8YvKaItGXLfxYqD2rMQ3HpB1kEutal6hQLVic3N2Yi1X7AaA==}
    dev: true

  /@cspell/dict-npm@5.1.11:
    resolution: {integrity: sha512-5ricJyVMw5TmqR0NfsZS8jEJu1+DLzyUXyjpVFnffPuEtz9jF2XswLK0swZqc9uwWrz0M7IhGVCnmq90srVZCA==}
    dev: true

  /@cspell/dict-php@4.0.13:
    resolution: {integrity: sha512-P6sREMZkhElzz/HhXAjahnICYIqB/HSGp1EhZh+Y6IhvC15AzgtDP8B8VYCIsQof6rPF1SQrFwunxOv8H1e2eg==}
    dev: true

  /@cspell/dict-powershell@5.0.13:
    resolution: {integrity: sha512-0qdj0XZIPmb77nRTynKidRJKTU0Fl+10jyLbAhFTuBWKMypVY06EaYFnwhsgsws/7nNX8MTEQuewbl9bWFAbsg==}
    dev: true

  /@cspell/dict-public-licenses@2.0.11:
    resolution: {integrity: sha512-rR5KjRUSnVKdfs5G+gJ4oIvQvm8+NJ6cHWY2N+GE69/FSGWDOPHxulCzeGnQU/c6WWZMSimG9o49i9r//lUQyA==}
    dev: true

  /@cspell/dict-python@4.2.12:
    resolution: {integrity: sha512-U25eOFu+RE0aEcF2AsxZmq3Lic7y9zspJ9SzjrC0mfJz+yr3YmSCw4E0blMD3mZoNcf7H/vMshuKIY5AY36U+Q==}
    dependencies:
      '@cspell/dict-data-science': 2.0.5
    dev: true

  /@cspell/dict-r@2.0.4:
    resolution: {integrity: sha512-cBpRsE/U0d9BRhiNRMLMH1PpWgw+N+1A2jumgt1if9nBGmQw4MUpg2u9I0xlFVhstTIdzXiLXMxP45cABuiUeQ==}
    dev: true

  /@cspell/dict-ruby@5.0.7:
    resolution: {integrity: sha512-4/d0hcoPzi5Alk0FmcyqlzFW9lQnZh9j07MJzPcyVO62nYJJAGKaPZL2o4qHeCS/od/ctJC5AHRdoUm0ktsw6Q==}
    dev: true

  /@cspell/dict-rust@4.0.9:
    resolution: {integrity: sha512-Dhr6TIZsMV92xcikKIWei6p/qswS4M+gTkivpWwz4/1oaVk2nRrxJmCdRoVkJlZkkAc17rjxrS12mpnJZI0iWw==}
    dev: true

  /@cspell/dict-scala@5.0.6:
    resolution: {integrity: sha512-tl0YWAfjUVb4LyyE4JIMVE8DlLzb1ecHRmIWc4eT6nkyDqQgHKzdHsnusxFEFMVLIQomgSg0Zz6hJ5S1E4W4ww==}
    dev: true

  /@cspell/dict-software-terms@4.1.13:
    resolution: {integrity: sha512-S8TLDjY+piV8nmzn4/acwKjDbUtOqfJ9Cb3gZ9egjU/Fm8DBaQ7ziR1S2wntxlGLud9cly+LoWnEoWJYDZFveQ==}
    dev: true

  /@cspell/dict-sql@2.1.8:
    resolution: {integrity: sha512-dJRE4JV1qmXTbbGm6WIcg1knmR6K5RXnQxF4XHs5HA3LAjc/zf77F95i5LC+guOGppVF6Hdl66S2UyxT+SAF3A==}
    dev: true

  /@cspell/dict-svelte@1.0.5:
    resolution: {integrity: sha512-sseHlcXOqWE4Ner9sg8KsjxwSJ2yssoJNqFHR9liWVbDV+m7kBiUtn2EB690TihzVsEmDr/0Yxrbb5Bniz70mA==}
    dev: true

  /@cspell/dict-swift@2.0.4:
    resolution: {integrity: sha512-CsFF0IFAbRtYNg0yZcdaYbADF5F3DsM8C4wHnZefQy8YcHP/qjAF/GdGfBFBLx+XSthYuBlo2b2XQVdz3cJZBw==}
    dev: true

  /@cspell/dict-terraform@1.0.6:
    resolution: {integrity: sha512-Sqm5vGbXuI9hCFcr4w6xWf4Y25J9SdleE/IqfM6RySPnk8lISEmVdax4k6+Kinv9qaxyvnIbUUN4WFLWcBPQAg==}
    dev: true

  /@cspell/dict-typescript@3.1.11:
    resolution: {integrity: sha512-FwvK5sKbwrVpdw0e9+1lVTl8FPoHYvfHRuQRQz2Ql5XkC0gwPPkpoyD1zYImjIyZRoYXk3yp9j8ss4iz7A7zoQ==}
    dev: true

  /@cspell/dict-vue@3.0.3:
    resolution: {integrity: sha512-akmYbrgAGumqk1xXALtDJcEcOMYBYMnkjpmGzH13Ozhq1mkPF4VgllFQlm1xYde+BUKNnzMgPEzxrL2qZllgYA==}
    dev: true

  /@cspell/dynamic-import@8.16.0:
    resolution: {integrity: sha512-FH+B5y71qfunagXiLSJhXP9h/Vwb1Z8Cc/hLmliGekw/Y8BuYknL86tMg9grXBYNmM0kifIv6ZesQl8Km/p/rA==}
    engines: {node: '>=18.0'}
    dependencies:
      import-meta-resolve: 4.1.0
    dev: true

  /@cspell/filetypes@8.16.0:
    resolution: {integrity: sha512-u2Ub0uSwXFPJFvXhAO/0FZBj3sMr4CeYCiQwTUsdFRkRMFpbTc7Vf+a+aC2vIj6WcaWrYXrJy3NZF/yjqF6SGw==}
    engines: {node: '>=18'}
    dev: true

  /@cspell/strong-weak-map@8.16.0:
    resolution: {integrity: sha512-R6N12wEIQpBk2uyni/FU1SFSIjP0uql7ynXVcF1ob8/JJeRoikssydi9Xq5J6ghMw+X50u35mFvg9BgWKz0d+g==}
    engines: {node: '>=18'}
    dev: true

  /@cspell/url@8.16.0:
    resolution: {integrity: sha512-zW+6hAieD/FjysfjY4mVv7iHWWasBP3ldj6L+xy2p4Kuax1nug7uuJqMHlAVude/OywNwENG0rYaP/P9Pg4O+w==}
    engines: {node: '>=18.0'}
    dev: true

  /alce@1.2.0:
    resolution: {integrity: sha512-XppPf2S42nO2WhvKzlwzlfcApcXHzjlod30pKmcWjRgLOtqoe5DMuqdiYoM6AgyXksc6A6pV4v1L/WW217e57w==}
    engines: {node: '>=0.8.0'}
    dependencies:
      esprima: 1.2.5
      estraverse: 1.9.3
    dev: true

  /ansi-styles@4.3.0:
    resolution: {integrity: sha512-zbB9rCJAT1rbjiVDb2hqKFHNYLxgtk8NURxZ3IZwD3F6NtxbXZQCnnSi1Lkx+IDohdPlFp222wVALIheZJQSEg==}
    engines: {node: '>=8'}
    dependencies:
      color-convert: 2.0.1
    dev: true

  /ansi-styles@6.2.1:
    resolution: {integrity: sha512-bN798gFfQX+viw3R7yrGWRqnrN2oRkEkUjjl4JNn4E8GxxbjtG3FbrEIIY3l8/hrwUwIeCZvi4QuOTP4MErVug==}
    engines: {node: '>=12'}
    dev: true

  /array-timsort@1.0.3:
    resolution: {integrity: sha512-/+3GRL7dDAGEfM6TseQk/U+mi18TU2Ms9I3UlLdUMhz2hbvGNTKdj9xniwXfUqgYhHxRx0+8UnKkvlNwVU+cWQ==}
    dev: true

  /balanced-match@1.0.2:
    resolution: {integrity: sha512-3oSeUO0TMV67hN1AmbXsK4yaqU7tjiHlbxRDZOpH0KW9+CeX4bRAaX0Anxt0tx2MrpRpWwQaPwIlISEJhYU5Pw==}
    dev: true

  /brace-expansion@2.0.1:
    resolution: {integrity: sha512-XnAIvQ8eM+kC6aULx6wuQiwVsnzsi9d3WxzV3FpWTGA19F621kwdbsAcFKXgKUHZWsy+mY6iL1sHTxWEFCytDA==}
    dependencies:
      balanced-match: 1.0.2
    dev: true

  /braces@3.0.3:
    resolution: {integrity: sha512-yQbXgO/OSZVD2IsiLlro+7Hf6Q18EJrKSEsdoMzKePKXct3gvD8oLcOQdIzGupr5Fj+EDe8gO/lxc1BzfMpxvA==}
    engines: {node: '>=8'}
    dependencies:
      fill-range: 7.1.1
    dev: true

  /callsites@3.1.0:
    resolution: {integrity: sha512-P8BjAsXvZS+VIDUI11hHCQEv74YT67YUi5JJFNWIqL235sBmjX4+qx9Muvls5ivyNENctx46xQLQ3aTuE7ssaQ==}
    engines: {node: '>=6'}
    dev: true

  /chalk-template@1.1.0:
    resolution: {integrity: sha512-T2VJbcDuZQ0Tb2EWwSotMPJjgpy1/tGee1BTpUNsGZ/qgNjV2t7Mvu+d4600U564nbLesN1x2dPL+xii174Ekg==}
    engines: {node: '>=14.16'}
    dependencies:
      chalk: 5.3.0
    dev: true

  /chalk@3.0.0:
    resolution: {integrity: sha512-4D3B6Wf41KOYRFdszmDqMCGq5VV/uMAB273JILmO+3jAlh8X4qDtdtgCR3fxtbLEMzSx22QdhnDcJvu2u1fVwg==}
    engines: {node: '>=8'}
    dependencies:
      ansi-styles: 4.3.0
      supports-color: 7.2.0
    dev: true

  /chalk@5.3.0:
    resolution: {integrity: sha512-dLitG79d+GV1Nb/VYcCDFivJeK1hiukt9QjRNVOsUtTy1rR1YJsmpGGTZ3qJos+uw7WmWF4wUwBd9jxjocFC2w==}
    engines: {node: ^12.17.0 || ^14.13 || >=16.0.0}
    dev: true

  /clear-module@4.1.2:
    resolution: {integrity: sha512-LWAxzHqdHsAZlPlEyJ2Poz6AIs384mPeqLVCru2p0BrP9G/kVGuhNyZYClLO6cXlnuJjzC8xtsJIuMjKqLXoAw==}
    engines: {node: '>=8'}
    dependencies:
      parent-module: 2.0.0
      resolve-from: 5.0.0
    dev: true

  /color-convert@2.0.1:
    resolution: {integrity: sha512-RRECPsj7iu/xb5oKYcsFHSppFNnsj/52OVTRKb4zP5onXwVF3zVmmToNcOfGC+CRDpfK/U584fMg38ZHCaElKQ==}
    engines: {node: '>=7.0.0'}
    dependencies:
      color-name: 1.1.4
    dev: true

  /color-name@1.1.4:
    resolution: {integrity: sha512-dOy+3AuW3a2wNbZHIuMZpTcgjGuLU/uBL/ubcZF9OXbDo8ff4O8yVp5Bf0efS8uEoYo5q4Fx7dY9OgQGXgAsQA==}
    dev: true

  /commander@12.1.0:
    resolution: {integrity: sha512-Vw8qHK3bZM9y/P10u3Vib8o/DdkvA2OtPtZvD871QKjy74Wj1WSKFILMPRPSdUSx5RFK1arlJzEtA4PkFgnbuA==}
    engines: {node: '>=18'}
    dev: true

  /comment-json@4.2.5:
    resolution: {integrity: sha512-bKw/r35jR3HGt5PEPm1ljsQQGyCrR8sFGNiN5L+ykDHdpO8Smxkrkla9Yi6NkQyUrb8V54PGhfMs6NrIwtxtdw==}
    engines: {node: '>= 6'}
    dependencies:
      array-timsort: 1.0.3
      core-util-is: 1.0.3
      esprima: 4.0.1
      has-own-prop: 2.0.0
      repeat-string: 1.6.1
    dev: true

  /core-util-is@1.0.3:
    resolution: {integrity: sha512-ZQBvi1DcpJ4GDqanjucZ2Hj3wEO5pZDS89BWbkcrvdxksJorwUDDZamX9ldFkp9aw2lmBDLgkObEA4DWNJ9FYQ==}
    dev: true

  /cross-spawn@7.0.3:
    resolution: {integrity: sha512-iRDPJKUPVEND7dHPO8rkbOnPpyDygcDFtWjpeWNCgy8WP2rXcxXL8TskReQl6OrB2G7+UJrags1q15Fudc7G6w==}
    engines: {node: '>= 8'}
    dependencies:
      path-key: 3.1.1
      shebang-command: 2.0.0
      which: 2.0.2
    dev: true

  /cspell-config-lib@8.16.0:
    resolution: {integrity: sha512-PGT6ohLtIYXYLIm+R5hTcTrF0dzj8e7WAUJSJe5WlV/7lrwVdwgWaliLcXtSSPmfxgczr6sndX9TMJ2IEmPrmg==}
    engines: {node: '>=18'}
    dependencies:
      '@cspell/cspell-types': 8.16.0
      comment-json: 4.2.5
      yaml: 2.6.0
    dev: true

  /cspell-dictionary@8.16.0:
    resolution: {integrity: sha512-Y3sN6ttLBKbu0dOLcduY641n5QP1srUvZkW4bOTnG455DbIZfilrP1El/2Hl0RS6hC8LN9PM4bsIm/2xgdbApA==}
    engines: {node: '>=18'}
    dependencies:
      '@cspell/cspell-pipe': 8.16.0
      '@cspell/cspell-types': 8.16.0
      cspell-trie-lib: 8.16.0
      fast-equals: 5.0.1
    dev: true

  /cspell-gitignore@8.16.0:
    resolution: {integrity: sha512-ODKe0ooyzYSBJkwgIVZSRIvzoZfT4tEbFt4fFDT88wPyyfX7xp7MAQhXy5KD1ocXH0WvYbdv37qzn2UbckrahA==}
    engines: {node: '>=18'}
    hasBin: true
    dependencies:
      '@cspell/url': 8.16.0
      cspell-glob: 8.16.0
      cspell-io: 8.16.0
      find-up-simple: 1.0.0
    dev: true

  /cspell-glob@8.16.0:
    resolution: {integrity: sha512-xJSXRHwfENCNFmjpVSEucXY8E3BrpSCA+TukmOYtLyaMKtn6EAwoCpEU7Oj2tZOjdivprPmQ74k4Dqb1RHjIVQ==}
    engines: {node: '>=18'}
    dependencies:
      '@cspell/url': 8.16.0
      micromatch: 4.0.8
    dev: true

  /cspell-grammar@8.16.0:
    resolution: {integrity: sha512-vvbJEkBqXocGH/H975RtkfMzVpNxNGMd0JCDd+NjbpeRyZceuChFw5Tie7kHteFY29SwZovub+Am3F4H1kmf9A==}
    engines: {node: '>=18'}
    hasBin: true
    dependencies:
      '@cspell/cspell-pipe': 8.16.0
      '@cspell/cspell-types': 8.16.0
    dev: true

  /cspell-io@8.16.0:
    resolution: {integrity: sha512-WIK5uhPMjGsTAzm2/fGRbIdr7zWsMVG1fn8wNJYUiYELuyvzvLelfI1VG6szaFCGYqd6Uvgb/fS0uNbwGqCLAQ==}
    engines: {node: '>=18'}
    dependencies:
      '@cspell/cspell-service-bus': 8.16.0
      '@cspell/url': 8.16.0
    dev: true

  /cspell-lib@8.16.0:
    resolution: {integrity: sha512-fU8CfECyuhT12COIi4ViQu2bTkdqaa+05YSd2ZV8k8NA7lapPaMFnlooxdfcwwgZJfHeMhRVMzvQF1OhWmwGfA==}
    engines: {node: '>=18'}
    dependencies:
      '@cspell/cspell-bundled-dicts': 8.16.0
      '@cspell/cspell-pipe': 8.16.0
      '@cspell/cspell-resolver': 8.16.0
      '@cspell/cspell-types': 8.16.0
      '@cspell/dynamic-import': 8.16.0
      '@cspell/filetypes': 8.16.0
      '@cspell/strong-weak-map': 8.16.0
      '@cspell/url': 8.16.0
      clear-module: 4.1.2
      comment-json: 4.2.5
      cspell-config-lib: 8.16.0
      cspell-dictionary: 8.16.0
      cspell-glob: 8.16.0
      cspell-grammar: 8.16.0
      cspell-io: 8.16.0
      cspell-trie-lib: 8.16.0
      env-paths: 3.0.0
      fast-equals: 5.0.1
      gensequence: 7.0.0
      import-fresh: 3.3.0
      resolve-from: 5.0.0
      vscode-languageserver-textdocument: 1.0.12
      vscode-uri: 3.0.8
      xdg-basedir: 5.1.0
    dev: true

  /cspell-trie-lib@8.16.0:
    resolution: {integrity: sha512-Io1qqI0r4U9ewAWBLClFBBlxLeAoIi15PUGJi4Za1xrlgQJwRE8PMNIJNHKmPEIp78Iute3o/JyC2OfWlxl4Sw==}
    engines: {node: '>=18'}
    dependencies:
      '@cspell/cspell-pipe': 8.16.0
      '@cspell/cspell-types': 8.16.0
      gensequence: 7.0.0
    dev: true

  /cspell@8.16.0:
    resolution: {integrity: sha512-U6Up/4nODE+Ca+zqwZXTgBioGuF2JQHLEUIuoRJkJzAZkIBYDqrMXM+zdSL9E39+xb9jAtr9kPAYJf1Eybgi9g==}
    engines: {node: '>=18'}
    hasBin: true
    dependencies:
      '@cspell/cspell-json-reporter': 8.16.0
      '@cspell/cspell-pipe': 8.16.0
      '@cspell/cspell-types': 8.16.0
      '@cspell/dynamic-import': 8.16.0
      '@cspell/url': 8.16.0
      chalk: 5.3.0
      chalk-template: 1.1.0
      commander: 12.1.0
      cspell-dictionary: 8.16.0
      cspell-gitignore: 8.16.0
      cspell-glob: 8.16.0
      cspell-io: 8.16.0
      cspell-lib: 8.16.0
      fast-json-stable-stringify: 2.1.0
      file-entry-cache: 9.1.0
      get-stdin: 9.0.0
      semver: 7.6.3
      tinyglobby: 0.2.10
    dev: true

  /deep-extend@0.6.0:
    resolution: {integrity: sha512-LOHxIOaPYdHlJRtCQfDIVZtfw/ufM8+rVj649RIHzcm/vGwQRXFt6OPqIFWsm2XEMrNIEtWR64sY1LEKD2vAOA==}
    engines: {node: '>=4.0.0'}
    dev: true

  /detect-indent@6.1.0:
    resolution: {integrity: sha512-reYkTUJAZb9gUuZ2RvVCNhVHdg62RHnJ7WJl8ftMi4diZ6NWlciOzQN88pUhSELEwflJht4oQDv0F0BMlwaYtA==}
    engines: {node: '>=8'}
    dev: true

  /detect-newline@3.1.0:
    resolution: {integrity: sha512-TLz+x/vEXm/Y7P7wn1EJFNLxYpUD4TgMosxY6fAVJUnJMbupHBOncxyWUG9OpTaH9EBD7uFI5LfEgmMOc54DsA==}
    engines: {node: '>=8'}
    dev: true

  /env-paths@3.0.0:
    resolution: {integrity: sha512-dtJUTepzMW3Lm/NPxRf3wP4642UWhjL2sQxc+ym2YMj1m/H2zDNQOlezafzkHwn6sMstjHTwG6iQQsctDW/b1A==}
    engines: {node: ^12.20.0 || ^14.13.1 || >=16.0.0}
    dev: true

  /esprima@1.2.5:
    resolution: {integrity: sha512-S9VbPDU0adFErpDai3qDkjq8+G05ONtKzcyNrPKg/ZKa+tf879nX2KexNU95b31UoTJjRLInNBHHHjFPoCd7lQ==}
    engines: {node: '>=0.4.0'}
    hasBin: true
    dev: true

  /esprima@4.0.1:
    resolution: {integrity: sha512-eGuFFw7Upda+g4p+QHvnW0RyTX/SVeJBDM/gCtMARO0cLuT2HcEKnTPvhjV6aGeqrCB/sbNop0Kszm0jsaWU4A==}
    engines: {node: '>=4'}
    hasBin: true
    dev: true

  /estraverse@1.9.3:
    resolution: {integrity: sha512-25w1fMXQrGdoquWnScXZGckOv+Wes+JDnuN/+7ex3SauFRS72r2lFDec0EKPt2YD1wUJ/IrfEex+9yp4hfSOJA==}
    engines: {node: '>=0.10.0'}
    dev: true

  /extend-object@1.0.0:
    resolution: {integrity: sha512-0dHDIXC7y7LDmCh/lp1oYkmv73K25AMugQI07r8eFopkW6f7Ufn1q+ETMsJjnV9Am14SlElkqy3O92r6xEaxPw==}
    dev: true

  /fast-equals@5.0.1:
    resolution: {integrity: sha512-WF1Wi8PwwSY7/6Kx0vKXtw8RwuSGoM1bvDaJbu7MxDlR1vovZjIAKrnzyrThgAjm6JDTu0fVgWXDlMGspodfoQ==}
    engines: {node: '>=6.0.0'}
    dev: true

  /fast-json-stable-stringify@2.1.0:
    resolution: {integrity: sha512-lhd/wF+Lk98HZoTCtlVraHtfh5XYijIjalXck7saUtuanSDyLMxnHhSXEDJqHxD7msR8D0uCmqlkwjCV8xvwHw==}
    dev: true

  /fdir@6.4.2(picomatch@4.0.2):
    resolution: {integrity: sha512-KnhMXsKSPZlAhp7+IjUkRZKPb4fUyccpDrdFXbi4QL1qkmFh9kVY09Yox+n4MaOb3lHZ1Tv829C3oaaXoMYPDQ==}
    peerDependencies:
      picomatch: ^3 || ^4
    peerDependenciesMeta:
      picomatch:
        optional: true
    dependencies:
      picomatch: 4.0.2
    dev: true

  /file-entry-cache@9.1.0:
    resolution: {integrity: sha512-/pqPFG+FdxWQj+/WSuzXSDaNzxgTLr/OrR1QuqfEZzDakpdYE70PwUxL7BPUa8hpjbvY1+qvCl8k+8Tq34xJgg==}
    engines: {node: '>=18'}
    dependencies:
      flat-cache: 5.0.0
    dev: true

  /fill-range@7.1.1:
    resolution: {integrity: sha512-YsGpe3WHLK8ZYi4tWDg2Jy3ebRz2rXowDxnld4bkQB00cc/1Zw9AWnC0i9ztDJitivtQvaI9KaLyKrc+hBW0yg==}
    engines: {node: '>=8'}
    dependencies:
      to-regex-range: 5.0.1
    dev: true

  /find-up-simple@1.0.0:
    resolution: {integrity: sha512-q7Us7kcjj2VMePAa02hDAF6d+MzsdsAWEwYyOpwUtlerRBkOEPBCRZrAV4XfcSN8fHAgaD0hP7miwoay6DCprw==}
    engines: {node: '>=18'}
    dev: true

  /fixpack@4.0.0:
    resolution: {integrity: sha512-5SM1+H2CcuJ3gGEwTiVo/+nd/hYpNj9Ch3iMDOQ58ndY+VGQ2QdvaUTkd3otjZvYnd/8LF/HkJ5cx7PBq0orCQ==}
    hasBin: true
    dependencies:
      alce: 1.2.0
      chalk: 3.0.0
      detect-indent: 6.1.0
      detect-newline: 3.1.0
      extend-object: 1.0.0
      rc: 1.2.8
    dev: true

  /flat-cache@5.0.0:
    resolution: {integrity: sha512-JrqFmyUl2PnPi1OvLyTVHnQvwQ0S+e6lGSwu8OkAZlSaNIZciTY2H/cOOROxsBA1m/LZNHDsqAgDZt6akWcjsQ==}
    engines: {node: '>=18'}
    dependencies:
      flatted: 3.3.1
      keyv: 4.5.4
    dev: true

  /flatted@3.3.1:
    resolution: {integrity: sha512-X8cqMLLie7KsNUDSdzeN8FYK9rEt4Dt67OsG/DNGnYTSDBG4uFAJFBnUeiV+zCVAvwFy56IjM9sH51jVaEhNxw==}
    dev: true

  /gensequence@7.0.0:
    resolution: {integrity: sha512-47Frx13aZh01afHJTB3zTtKIlFI6vWY+MYCN9Qpew6i52rfKjnhCF/l1YlC8UmEMvvntZZ6z4PiCcmyuedR2aQ==}
    engines: {node: '>=18'}
    dev: true

  /get-stdin@9.0.0:
    resolution: {integrity: sha512-dVKBjfWisLAicarI2Sf+JuBE/DghV4UzNAVe9yhEJuzeREd3JhOTE9cUaJTeSa77fsbQUK3pcOpJfM59+VKZaA==}
    engines: {node: '>=12'}
    dev: true

  /global-directory@4.0.1:
    resolution: {integrity: sha512-wHTUcDUoZ1H5/0iVqEudYW4/kAlN5cZ3j/bXn0Dpbizl9iaUVeWSHqiOjsgk6OW2bkLclbBjzewBz6weQ1zA2Q==}
    engines: {node: '>=18'}
    dependencies:
      ini: 4.1.1
    dev: true

  /has-flag@4.0.0:
    resolution: {integrity: sha512-EykJT/Q1KjTWctppgIAgfSO0tKVuZUjhgMr17kqTumMl6Afv3EISleU7qZUzoXDFTAHTDC4NOoG/ZxU3EvlMPQ==}
    engines: {node: '>=8'}
    dev: true

  /has-own-prop@2.0.0:
    resolution: {integrity: sha512-Pq0h+hvsVm6dDEa8x82GnLSYHOzNDt7f0ddFa3FqcQlgzEiptPqL+XrOJNavjOzSYiYWIrgeVYYgGlLmnxwilQ==}
    engines: {node: '>=8'}
    dev: true

  /import-fresh@3.3.0:
    resolution: {integrity: sha512-veYYhQa+D1QBKznvhUHxb8faxlrwUnxseDAbAp457E0wLNio2bOSKnjYDhMj+YiAq61xrMGhQk9iXVk5FzgQMw==}
    engines: {node: '>=6'}
    dependencies:
      parent-module: 1.0.1
      resolve-from: 4.0.0
    dev: true

  /import-meta-resolve@4.1.0:
    resolution: {integrity: sha512-I6fiaX09Xivtk+THaMfAwnA3MVA5Big1WHF1Dfx9hFuvNIWpXnorlkzhcQf6ehrqQiiZECRt1poOAkPmer3ruw==}
    dev: true

  /ini@1.3.8:
    resolution: {integrity: sha512-JV/yugV2uzW5iMRSiZAyDtQd+nxtUnjeLt0acNdw98kKLrvuRVyB80tsREOE7yvGVgalhZ6RNXCmEHkUKBKxew==}
    dev: true

  /ini@4.1.1:
    resolution: {integrity: sha512-QQnnxNyfvmHFIsj7gkPcYymR8Jdw/o7mp5ZFihxn6h8Ci6fh3Dx4E1gPjpQEpIuPo9XVNY/ZUwh4BPMjGyL01g==}
    engines: {node: ^14.17.0 || ^16.13.0 || >=18.0.0}
    dev: true

  /is-number@7.0.0:
    resolution: {integrity: sha512-41Cifkg6e8TylSpdtTpeLVMqvSBEVzTttHvERD741+pnZ8ANv0004MRL43QKPDlK9cGvNp6NZWZUBlbGXYxxng==}
    engines: {node: '>=0.12.0'}
    dev: true

  /isexe@2.0.0:
    resolution: {integrity: sha512-RHxMLp9lnKHGHRng9QFhRCMbYAcVpn69smSGcq3f36xjgVVWThj4qqLbTLlq7Ssj8B+fIQ1EuCEGI2lKsyQeIw==}
    dev: true

  /isexe@3.1.1:
    resolution: {integrity: sha512-LpB/54B+/2J5hqQ7imZHfdU31OlgQqx7ZicVlkm9kzg9/w8GKLEcFfJl/t7DCEDueOyBAD6zCCwTO6Fzs0NoEQ==}
    engines: {node: '>=16'}
    dev: true

  /json-buffer@3.0.1:
    resolution: {integrity: sha512-4bV5BfR2mqfQTJm+V5tPPdf+ZpuhiIvTuAB5g8kcrXOZpTT/QwwVRWBywX1ozr6lEuPdbHxwaJlm9G6mI2sfSQ==}
    dev: true

  /json-parse-even-better-errors@4.0.0:
    resolution: {integrity: sha512-lR4MXjGNgkJc7tkQ97kb2nuEMnNCyU//XYVH0MKTGcXEiSudQ5MKGKen3C5QubYy0vmq+JGitUg92uuywGEwIA==}
    engines: {node: ^18.17.0 || >=20.5.0}
    dev: true

  /keyv@4.5.4:
    resolution: {integrity: sha512-oxVHkHR/EJf2CNXnWxRLW6mg7JyCCUcG0DtEGmL2ctUo1PNTin1PUil+r/+4r5MpVgC/fn1kjsx7mjSujKqIpw==}
    dependencies:
      json-buffer: 3.0.1
    dev: true

  /memorystream@0.3.1:
    resolution: {integrity: sha512-S3UwM3yj5mtUSEfP41UZmt/0SCoVYUcU1rkXv+BQ5Ig8ndL4sPoJNBUJERafdPb5jjHJGuMgytgKvKIf58XNBw==}
    engines: {node: '>= 0.10.0'}
    dev: true

  /micromatch@4.0.8:
    resolution: {integrity: sha512-PXwfBhYu0hBCPw8Dn0E+WDYb7af3dSLVWKi3HGv84IdF4TyFoC0ysxFd0Goxw7nSv4T/PzEJQxsYsEiFCKo2BA==}
    engines: {node: '>=8.6'}
    dependencies:
      braces: 3.0.3
      picomatch: 2.3.1
    dev: true

  /minimatch@9.0.5:
    resolution: {integrity: sha512-G6T0ZX48xgozx7587koeX9Ys2NYy6Gmv//P89sEte9V9whIapMNF4idKxnW2QtCcLiTWlb/wfCabAtAFWhhBow==}
    engines: {node: '>=16 || 14 >=14.17'}
    dependencies:
      brace-expansion: 2.0.1
    dev: true

  /minimist@1.2.8:
    resolution: {integrity: sha512-2yyAR8qBkN3YuheJanUpWC5U3bb5osDywNB8RzDVlDwDHbocAJveqqj1u8+SVD7jkWT4yvsHCpWqqWqAxb0zCA==}
    dev: true

  /npm-normalize-package-bin@4.0.0:
    resolution: {integrity: sha512-TZKxPvItzai9kN9H/TkmCtx/ZN/hvr3vUycjlfmH0ootY9yFBzNOpiXAdIn1Iteqsvk4lQn6B5PTrt+n6h8k/w==}
    engines: {node: ^18.17.0 || >=20.5.0}
    dev: true

  /npm-run-all2@7.0.1:
    resolution: {integrity: sha512-Adbv+bJQ8UTAM03rRODqrO5cx0YU5KCG2CvHtSURiadvdTjjgGJXdbc1oQ9CXBh9dnGfHSoSB1Web/0Dzp6kOQ==}
    engines: {node: ^18.17.0 || >=20.5.0, npm: '>= 9'}
    hasBin: true
    dependencies:
      ansi-styles: 6.2.1
      cross-spawn: 7.0.3
      memorystream: 0.3.1
      minimatch: 9.0.5
      pidtree: 0.6.0
      read-package-json-fast: 4.0.0
      shell-quote: 1.8.1
      which: 5.0.0
    dev: true

  /parent-module@1.0.1:
    resolution: {integrity: sha512-GQ2EWRpQV8/o+Aw8YqtfZZPfNRWZYkbidE9k5rpl/hC3vtHHBfGm2Ifi6qWV+coDGkrUKZAxE3Lot5kcsRlh+g==}
    engines: {node: '>=6'}
    dependencies:
      callsites: 3.1.0
    dev: true

  /parent-module@2.0.0:
    resolution: {integrity: sha512-uo0Z9JJeWzv8BG+tRcapBKNJ0dro9cLyczGzulS6EfeyAdeC9sbojtW6XwvYxJkEne9En+J2XEl4zyglVeIwFg==}
    engines: {node: '>=8'}
    dependencies:
      callsites: 3.1.0
    dev: true

  /path-key@3.1.1:
    resolution: {integrity: sha512-ojmeN0qd+y0jszEtoY48r0Peq5dwMEkIlCOu6Q5f41lfkswXuKtYrhgoTpLnyIcHm24Uhqx+5Tqm2InSwLhE6Q==}
    engines: {node: '>=8'}
    dev: true

  /picomatch@2.3.1:
    resolution: {integrity: sha512-JU3teHTNjmE2VCGFzuY8EXzCDVwEqB2a8fsIvwaStHhAWJEeVd1o1QD80CU6+ZdEXXSLbSsuLwJjkCBWqRQUVA==}
    engines: {node: '>=8.6'}
    dev: true

  /picomatch@4.0.2:
    resolution: {integrity: sha512-M7BAV6Rlcy5u+m6oPhAPFgJTzAioX/6B0DxyvDlo9l8+T3nLKbrczg2WLUyzd45L8RqfUMyGPzekbMvX2Ldkwg==}
    engines: {node: '>=12'}
    dev: true

  /pidtree@0.6.0:
    resolution: {integrity: sha512-eG2dWTVw5bzqGRztnHExczNxt5VGsE6OwTeCG3fdUf9KBsZzO3R5OIIIzWR+iZA0NtZ+RDVdaoE2dK1cn6jH4g==}
    engines: {node: '>=0.10'}
    hasBin: true
    dev: true

  /rc@1.2.8:
    resolution: {integrity: sha512-y3bGgqKj3QBdxLbLkomlohkvsA8gdAiUQlSBJnBhfn+BPxg4bc62d8TcBW15wavDfgexCgccckhcZvywyQYPOw==}
    hasBin: true
    dependencies:
      deep-extend: 0.6.0
      ini: 1.3.8
      minimist: 1.2.8
      strip-json-comments: 2.0.1
    dev: true

  /read-package-json-fast@4.0.0:
    resolution: {integrity: sha512-qpt8EwugBWDw2cgE2W+/3oxC+KTez2uSVR8JU9Q36TXPAGCaozfQUs59v4j4GFpWTaw0i6hAZSvOmu1J0uOEUg==}
    engines: {node: ^18.17.0 || >=20.5.0}
    dependencies:
      json-parse-even-better-errors: 4.0.0
      npm-normalize-package-bin: 4.0.0
    dev: true

  /repeat-string@1.6.1:
    resolution: {integrity: sha512-PV0dzCYDNfRi1jCDbJzpW7jNNDRuCOG/jI5ctQcGKt/clZD+YcPS3yIlWuTJMmESC8aevCFmWJy5wjAFgNqN6w==}
    engines: {node: '>=0.10'}
    dev: true

  /resolve-from@4.0.0:
    resolution: {integrity: sha512-pb/MYmXstAkysRFx8piNI1tGFNQIFA3vkE3Gq4EuA1dF6gHp/+vgZqsCGJapvy8N3Q+4o7FwvquPJcnZ7RYy4g==}
    engines: {node: '>=4'}
    dev: true

  /resolve-from@5.0.0:
    resolution: {integrity: sha512-qYg9KP24dD5qka9J47d0aVky0N+b4fTU89LN9iDnjB5waksiC49rvMB0PrUJQGoTmH50XPiqOvAjDfaijGxYZw==}
    engines: {node: '>=8'}
    dev: true

  /semver@7.6.3:
    resolution: {integrity: sha512-oVekP1cKtI+CTDvHWYFUcMtsK/00wmAEfyqKfNdARm8u1wNVhSgaX7A8d4UuIlUI5e84iEwOhs7ZPYRmzU9U6A==}
    engines: {node: '>=10'}
    hasBin: true
    dev: true

  /shebang-command@2.0.0:
    resolution: {integrity: sha512-kHxr2zZpYtdmrN1qDjrrX/Z1rR1kG8Dx+gkpK1G4eXmvXswmcE1hTWBWYUzlraYw1/yZp6YuDY77YtvbN0dmDA==}
    engines: {node: '>=8'}
    dependencies:
      shebang-regex: 3.0.0
    dev: true

  /shebang-regex@3.0.0:
    resolution: {integrity: sha512-7++dFhtcx3353uBaq8DDR4NuxBetBzC7ZQOhmTQInHEd6bSrXdiEyzCvG07Z44UYdLShWUyXt5M/yhz8ekcb1A==}
    engines: {node: '>=8'}
    dev: true

  /shell-quote@1.8.1:
    resolution: {integrity: sha512-6j1W9l1iAs/4xYBI1SYOVZyFcCis9b4KCLQ8fgAGG07QvzaRLVVRQvAy85yNmmZSjYjg4MWh4gNvlPujU/5LpA==}
    dev: true

  /strip-json-comments@2.0.1:
    resolution: {integrity: sha512-4gB8na07fecVVkOI6Rs4e7T6NOTki5EmL7TUduTs6bu3EdnSycntVJ4re8kgZA+wx9IueI2Y11bfbgwtzuE0KQ==}
    engines: {node: '>=0.10.0'}
    dev: true

  /supports-color@7.2.0:
    resolution: {integrity: sha512-qpCAvRl9stuOHveKsn7HncJRvv501qIacKzQlO/+Lwxc9+0q2wLyv4Dfvt80/DPn2pqOBsJdDiogXGR9+OvwRw==}
    engines: {node: '>=8'}
    dependencies:
      has-flag: 4.0.0
    dev: true

  /tinyglobby@0.2.10:
    resolution: {integrity: sha512-Zc+8eJlFMvgatPZTl6A9L/yht8QqdmUNtURHaKZLmKBE12hNPSrqNkUp2cs3M/UKmNVVAMFQYSjYIVHDjW5zew==}
    engines: {node: '>=12.0.0'}
    dependencies:
      fdir: 6.4.2(picomatch@4.0.2)
      picomatch: 4.0.2
    dev: true

  /to-regex-range@5.0.1:
    resolution: {integrity: sha512-65P7iz6X5yEr1cwcgvQxbbIw7Uk3gOy5dIdtZ4rDveLqhrdJP+Li/Hx6tyK0NEb+2GCyneCMJiGqrADCSNk8sQ==}
    engines: {node: '>=8.0'}
    dependencies:
      is-number: 7.0.0
    dev: true

  /vscode-languageserver-textdocument@1.0.12:
    resolution: {integrity: sha512-cxWNPesCnQCcMPeenjKKsOCKQZ/L6Tv19DTRIGuLWe32lyzWhihGVJ/rcckZXJxfdKCFvRLS3fpBIsV/ZGX4zA==}
    dev: true

  /vscode-uri@3.0.8:
    resolution: {integrity: sha512-AyFQ0EVmsOZOlAnxoFOGOq1SQDWAB7C6aqMGS23svWAllfOaxbuFvcT8D1i8z3Gyn8fraVeZNNmN6e9bxxXkKw==}
    dev: true

  /which@2.0.2:
    resolution: {integrity: sha512-BLI3Tl1TW3Pvl70l3yq3Y64i+awpwXqsGBYWkkqMtnbXgrMD+yj7rhW0kuEDxzJaYXGjEW5ogapKNMEKNMjibA==}
    engines: {node: '>= 8'}
    hasBin: true
    dependencies:
      isexe: 2.0.0
    dev: true

  /which@5.0.0:
    resolution: {integrity: sha512-JEdGzHwwkrbWoGOlIHqQ5gtprKGOenpDHpxE9zVR1bWbOtYRyPPHMe9FaP6x61CmNaTThSkb0DAJte5jD+DmzQ==}
    engines: {node: ^18.17.0 || >=20.5.0}
    hasBin: true
    dependencies:
      isexe: 3.1.1
    dev: true

  /xdg-basedir@5.1.0:
    resolution: {integrity: sha512-GCPAHLvrIH13+c0SuacwvRYj2SxJXQ4kaVTT5xgL3kPrz56XxkF21IGhjSE1+W0aw7gpBWRGXLCPnPby6lSpmQ==}
    engines: {node: '>=12'}
    dev: true

  /yaml@2.6.0:
    resolution: {integrity: sha512-a6ae//JvKDEra2kdi1qzCyrJW/WZCgFi8ydDV+eXExl95t+5R+ijnqHJbz9tmMh8FUjx3iv2fCQ4dclAQlO2UQ==}
    engines: {node: '>= 14'}
    hasBin: true
    dev: true
